
Microsoft Visual Studio Solution File, Format Version 12.00
# Visual Studio Version 17
VisualStudioVersion = 17.0.31903.59
MinimumVisualStudioVersion = 10.0.40219.1
Project("{2150E333-8FDC-42A3-9474-1A3956D46DE8}") = "src", "src", "{827E0CD3-B72D-47B6-A68D-7590B98EB39B}"
EndProject
Project("{FAE04EC0-301F-11D3-BF4B-00C04F79EFBC}") = "CleanArch.Domain", "src\CleanArch.Domain\CleanArch.Domain.csproj", "{77683497-AA1D-4122-AF49-EFA98C10CC25}"
EndProject
Project("{FAE04EC0-301F-11D3-BF4B-00C04F79EFBC}") = "CleanArch.Application", "src\CleanArch.Application\CleanArch.Application.csproj", "{1A49D8E5-27C5-4004-AF6A-FB3D2889D66B}"
EndProject
Project("{FAE04EC0-301F-11D3-BF4B-00C04F79EFBC}") = "CleanArch.Infrastructure", "src\CleanArch.Infrastructure\CleanArch.Infrastructure.csproj", "{A94F0A59-1C93-4A31-AE34-BE12C347BC5D}"
EndProject
Project("{FAE04EC0-301F-11D3-BF4B-00C04F79EFBC}") = "CleanArch.API", "src\CleanArch.API\CleanArch.API.csproj", "{0D635C3D-489A-4E9C-90FF-7CBBE92DD064}"
EndProject
Project("{FAE04EC0-301F-11D3-BF4B-00C04F79EFBC}") = "CleanArch.Domain.Tests", "tests\CleanArch.Domain.Tests\CleanArch.Domain.Tests.csproj", "{7C4C3F6B-E36E-470C-BAE8-8E760A19D22B}"
EndProject
Project("{FAE04EC0-301F-11D3-BF4B-00C04F79EFBC}") = "CleanArch.Application.Tests", "tests\CleanArch.Application.Tests\CleanArch.Application.Tests.csproj", "{FC6203C7-C60F-4FA4-8151-122418AEA4BF}"
EndProject
Project("{FAE04EC0-301F-11D3-BF4B-00C04F79EFBC}") = "CleanArch.API.Tests", "tests\CleanArch.API.Tests\CleanArch.API.Tests.csproj", "{2E31BFBB-C477-43B7-B6A1-FD12C58A2EE0}"
EndProject
Global
	GlobalSection(SolutionConfigurationPlatforms) = preSolution
		Debug|Any CPU = Debug|Any CPU
		Debug|x64 = Debug|x64
		Debug|x86 = Debug|x86
		Release|Any CPU = Release|Any CPU
		Release|x64 = Release|x64
		Release|x86 = Release|x86
	EndGlobalSection
	GlobalSection(ProjectConfigurationPlatforms) = postSolution
		{77683497-AA1D-4122-AF49-EFA98C10CC25}.Debug|Any CPU.ActiveCfg = Debug|Any CPU
		{77683497-AA1D-4122-AF49-EFA98C10CC25}.Debug|Any CPU.Build.0 = Debug|Any CPU
		{77683497-AA1D-4122-AF49-EFA98C10CC25}.Debug|x64.ActiveCfg = Debug|Any CPU
		{77683497-AA1D-4122-AF49-EFA98C10CC25}.Debug|x64.Build.0 = Debug|Any CPU
		{77683497-AA1D-4122-AF49-EFA98C10CC25}.Debug|x86.ActiveCfg = Debug|Any CPU
		{77683497-AA1D-4122-AF49-EFA98C10CC25}.Debug|x86.Build.0 = Debug|Any CPU
		{77683497-AA1D-4122-AF49-EFA98C10CC25}.Release|Any CPU.ActiveCfg = Release|Any CPU
		{77683497-AA1D-4122-AF49-EFA98C10CC25}.Release|Any CPU.Build.0 = Release|Any CPU
		{77683497-AA1D-4122-AF49-EFA98C10CC25}.Release|x64.ActiveCfg = Release|Any CPU
		{77683497-AA1D-4122-AF49-EFA98C10CC25}.Release|x64.Build.0 = Release|Any CPU
		{77683497-AA1D-4122-AF49-EFA98C10CC25}.Release|x86.ActiveCfg = Release|Any CPU
		{77683497-AA1D-4122-AF49-EFA98C10CC25}.Release|x86.Build.0 = Release|Any CPU
		{1A49D8E5-27C5-4004-AF6A-FB3D2889D66B}.Debug|Any CPU.ActiveCfg = Debug|Any CPU
		{1A49D8E5-27C5-4004-AF6A-FB3D2889D66B}.Debug|Any CPU.Build.0 = Debug|Any CPU
		{1A49D8E5-27C5-4004-AF6A-FB3D2889D66B}.Debug|x64.ActiveCfg = Debug|Any CPU
		{1A49D8E5-27C5-4004-AF6A-FB3D2889D66B}.Debug|x64.Build.0 = Debug|Any CPU
		{1A49D8E5-27C5-4004-AF6A-FB3D2889D66B}.Debug|x86.ActiveCfg = Debug|Any CPU
		{1A49D8E5-27C5-4004-AF6A-FB3D2889D66B}.Debug|x86.Build.0 = Debug|Any CPU
		{1A49D8E5-27C5-4004-AF6A-FB3D2889D66B}.Release|Any CPU.ActiveCfg = Release|Any CPU
		{1A49D8E5-27C5-4004-AF6A-FB3D2889D66B}.Release|Any CPU.Build.0 = Release|Any CPU
		{1A49D8E5-27C5-4004-AF6A-FB3D2889D66B}.Release|x64.ActiveCfg = Release|Any CPU
		{1A49D8E5-27C5-4004-AF6A-FB3D2889D66B}.Release|x64.Build.0 = Release|Any CPU
		{1A49D8E5-27C5-4004-AF6A-FB3D2889D66B}.Release|x86.ActiveCfg = Release|Any CPU
		{1A49D8E5-27C5-4004-AF6A-FB3D2889D66B}.Release|x86.Build.0 = Release|Any CPU
		{A94F0A59-1C93-4A31-AE34-BE12C347BC5D}.Debug|Any CPU.ActiveCfg = Debug|Any CPU
		{A94F0A59-1C93-4A31-AE34-BE12C347BC5D}.Debug|Any CPU.Build.0 = Debug|Any CPU
		{A94F0A59-1C93-4A31-AE34-BE12C347BC5D}.Debug|x64.ActiveCfg = Debug|Any CPU
		{A94F0A59-1C93-4A31-AE34-BE12C347BC5D}.Debug|x64.Build.0 = Debug|Any CPU
		{A94F0A59-1C93-4A31-AE34-BE12C347BC5D}.Debug|x86.ActiveCfg = Debug|Any CPU
		{A94F0A59-1C93-4A31-AE34-BE12C347BC5D}.Debug|x86.Build.0 = Debug|Any CPU
		{A94F0A59-1C93-4A31-AE34-BE12C347BC5D}.Release|Any CPU.ActiveCfg = Release|Any CPU
		{A94F0A59-1C93-4A31-AE34-BE12C347BC5D}.Release|Any CPU.Build.0 = Release|Any CPU
		{A94F0A59-1C93-4A31-AE34-BE12C347BC5D}.Release|x64.ActiveCfg = Release|Any CPU
		{A94F0A59-1C93-4A31-AE34-BE12C347BC5D}.Release|x64.Build.0 = Release|Any CPU
		{A94F0A59-1C93-4A31-AE34-BE12C347BC5D}.Release|x86.ActiveCfg = Release|Any CPU
		{A94F0A59-1C93-4A31-AE34-BE12C347BC5D}.Release|x86.Build.0 = Release|Any CPU
		{0D635C3D-489A-4E9C-90FF-7CBBE92DD064}.Debug|Any CPU.ActiveCfg = Debug|Any CPU
		{0D635C3D-489A-4E9C-90FF-7CBBE92DD064}.Debug|Any CPU.Build.0 = Debug|Any CPU
		{0D635C3D-489A-4E9C-90FF-7CBBE92DD064}.Debug|x64.ActiveCfg = Debug|Any CPU
		{0D635C3D-489A-4E9C-90FF-7CBBE92DD064}.Debug|x64.Build.0 = Debug|Any CPU
		{0D635C3D-489A-4E9C-90FF-7CBBE92DD064}.Debug|x86.ActiveCfg = Debug|Any CPU
		{0D635C3D-489A-4E9C-90FF-7CBBE92DD064}.Debug|x86.Build.0 = Debug|Any CPU
		{0D635C3D-489A-4E9C-90FF-7CBBE92DD064}.Release|Any CPU.ActiveCfg = Release|Any CPU
		{0D635C3D-489A-4E9C-90FF-7CBBE92DD064}.Release|Any CPU.Build.0 = Release|Any CPU
		{0D635C3D-489A-4E9C-90FF-7CBBE92DD064}.Release|x64.ActiveCfg = Release|Any CPU
		{0D635C3D-489A-4E9C-90FF-7CBBE92DD064}.Release|x64.Build.0 = Release|Any CPU
		{0D635C3D-489A-4E9C-90FF-7CBBE92DD064}.Release|x86.ActiveCfg = Release|Any CPU
		{0D635C3D-489A-4E9C-90FF-7CBBE92DD064}.Release|x86.Build.0 = Release|Any CPU
		{7C4C3F6B-E36E-470C-BAE8-8E760A19D22B}.Debug|Any CPU.ActiveCfg = Debug|Any CPU
		{7C4C3F6B-E36E-470C-BAE8-8E760A19D22B}.Debug|Any CPU.Build.0 = Debug|Any CPU
		{7C4C3F6B-E36E-470C-BAE8-8E760A19D22B}.Debug|x64.ActiveCfg = Debug|Any CPU
		{7C4C3F6B-E36E-470C-BAE8-8E760A19D22B}.Debug|x64.Build.0 = Debug|Any CPU
		{7C4C3F6B-E36E-470C-BAE8-8E760A19D22B}.Debug|x86.ActiveCfg = Debug|Any CPU
		{7C4C3F6B-E36E-470C-BAE8-8E760A19D22B}.Debug|x86.Build.0 = Debug|Any CPU
		{7C4C3F6B-E36E-470C-BAE8-8E760A19D22B}.Release|Any CPU.ActiveCfg = Release|Any CPU
		{7C4C3F6B-E36E-470C-BAE8-8E760A19D22B}.Release|Any CPU.Build.0 = Release|Any CPU
		{7C4C3F6B-E36E-470C-BAE8-8E760A19D22B}.Release|x64.ActiveCfg = Release|Any CPU
		{7C4C3F6B-E36E-470C-BAE8-8E760A19D22B}.Release|x64.Build.0 = Release|Any CPU
		{7C4C3F6B-E36E-470C-BAE8-8E760A19D22B}.Release|x86.ActiveCfg = Release|Any CPU
		{7C4C3F6B-E36E-470C-BAE8-8E760A19D22B}.Release|x86.Build.0 = Release|Any CPU
		{FC6203C7-C60F-4FA4-8151-122418AEA4BF}.Debug|Any CPU.ActiveCfg = Debug|Any CPU
		{FC6203C7-C60F-4FA4-8151-122418AEA4BF}.Debug|Any CPU.Build.0 = Debug|Any CPU
		{FC6203C7-C60F-4FA4-8151-122418AEA4BF}.Debug|x64.ActiveCfg = Debug|Any CPU
		{FC6203C7-C60F-4FA4-8151-122418AEA4BF}.Debug|x64.Build.0 = Debug|Any CPU
		{FC6203C7-C60F-4FA4-8151-122418AEA4BF}.Debug|x86.ActiveCfg = Debug|Any CPU
		{FC6203C7-C60F-4FA4-8151-122418AEA4BF}.Debug|x86.Build.0 = Debug|Any CPU
		{FC6203C7-C60F-4FA4-8151-122418AEA4BF}.Release|Any CPU.ActiveCfg = Release|Any CPU
		{FC6203C7-C60F-4FA4-8151-122418AEA4BF}.Release|Any CPU.Build.0 = Release|Any CPU
		{FC6203C7-C60F-4FA4-8151-122418AEA4BF}.Release|x64.ActiveCfg = Release|Any CPU
		{FC6203C7-C60F-4FA4-8151-122418AEA4BF}.Release|x64.Build.0 = Release|Any CPU
		{FC6203C7-C60F-4FA4-8151-122418AEA4BF}.Release|x86.ActiveCfg = Release|Any CPU
		{FC6203C7-C60F-4FA4-8151-122418AEA4BF}.Release|x86.Build.0 = Release|Any CPU
		{2E31BFBB-C477-43B7-B6A1-FD12C58A2EE0}.Debug|Any CPU.ActiveCfg = Debug|Any CPU
		{2E31BFBB-C477-43B7-B6A1-FD12C58A2EE0}.Debug|Any CPU.Build.0 = Debug|Any CPU
		{2E31BFBB-C477-43B7-B6A1-FD12C58A2EE0}.Debug|x64.ActiveCfg = Debug|Any CPU
		{2E31BFBB-C477-43B7-B6A1-FD12C58A2EE0}.Debug|x64.Build.0 = Debug|Any CPU
		{2E31BFBB-C477-43B7-B6A1-FD12C58A2EE0}.Debug|x86.ActiveCfg = Debug|Any CPU
		{2E31BFBB-C477-43B7-B6A1-FD12C58A2EE0}.Debug|x86.Build.0 = Debug|Any CPU
		{2E31BFBB-C477-43B7-B6A1-FD12C58A2EE0}.Release|Any CPU.ActiveCfg = Release|Any CPU
		{2E31BFBB-C477-43B7-B6A1-FD12C58A2EE0}.Release|Any CPU.Build.0 = Release|Any CPU
		{2E31BFBB-C477-43B7-B6A1-FD12C58A2EE0}.Release|x64.ActiveCfg = Release|Any CPU
		{2E31BFBB-C477-43B7-B6A1-FD12C58A2EE0}.Release|x64.Build.0 = Release|Any CPU
		{2E31BFBB-C477-43B7-B6A1-FD12C58A2EE0}.Release|x86.ActiveCfg = Release|Any CPU
		{2E31BFBB-C477-43B7-B6A1-FD12C58A2EE0}.Release|x86.Build.0 = Release|Any CPU
	EndGlobalSection
	GlobalSection(SolutionProperties) = preSolution
		HideSolutionNode = FALSE
	EndGlobalSection
	GlobalSection(NestedProjects) = preSolution
		{77683497-AA1D-4122-AF49-EFA98C10CC25} = {827E0CD3-B72D-47B6-A68D-7590B98EB39B}
		{1A49D8E5-27C5-4004-AF6A-FB3D2889D66B} = {827E0CD3-B72D-47B6-A68D-7590B98EB39B}
		{A94F0A59-1C93-4A31-AE34-BE12C347BC5D} = {827E0CD3-B72D-47B6-A68D-7590B98EB39B}
		{0D635C3D-489A-4E9C-90FF-7CBBE92DD064} = {827E0CD3-B72D-47B6-A68D-7590B98EB39B}
		{7C4C3F6B-E36E-470C-BAE8-8E760A19D22B} = {827E0CD3-B72D-47B6-A68D-7590B98EB39B}
		{FC6203C7-C60F-4FA4-8151-122418AEA4BF} = {827E0CD3-B72D-47B6-A68D-7590B98EB39B}
		{2E31BFBB-C477-43B7-B6A1-FD12C58A2EE0} = {827E0CD3-B72D-47B6-A68D-7590B98EB39B}
	EndGlobalSection
EndGlobal
